
Microsoft Visual Studio Solution File, Format Version 12.00
# Visual Studio Version 17
VisualStudioVersion = 17.14.36623.8
MinimumVisualStudioVersion = 10.0.40219.1
Project("{FAE04EC0-301F-11D3-BF4B-00C04F79EFBC}") = "UserManagment.API", "UserManagment.API\UserManagment.API.csproj", "{6A06947A-7634-4900-8293-9F22AED637B5}"
EndProject
Project("{FAE04EC0-301F-11D3-BF4B-00C04F79EFBC}") = "UserManagment.Core", "UserManagment.Core\UserManagment.Core.csproj", "{4813C37C-2126-435C-AAA7-014F63E0508E}"
EndProject
Project("{FAE04EC0-301F-11D3-BF4B-00C04F79EFBC}") = "UserManagment.Infrastructure", "UserManagment.Infrastructure\UserManagment.Infrastructure.csproj", "{41D2C377-A3E1-498E-A1D1-3072E162C5E7}"
EndProject
Project("{FAE04EC0-301F-11D3-BF4B-00C04F79EFBC}") = "UserManagment.FE", "UserManagment.FE\UserManagment.FE.csproj", "{67D81857-A581-4BB3-BC2A-2BD6B4EF43BC}"
EndProject
Global
	GlobalSection(SolutionConfigurationPlatforms) = preSolution
		Debug|Any CPU = Debug|Any CPU
		Release|Any CPU = Release|Any CPU
	EndGlobalSection
	GlobalSection(ProjectConfigurationPlatforms) = postSolution
		{6A06947A-7634-4900-8293-9F22AED637B5}.Debug|Any CPU.ActiveCfg = Debug|Any CPU
		{6A06947A-7634-4900-8293-9F22AED637B5}.Debug|Any CPU.Build.0 = Debug|Any CPU
		{6A06947A-7634-4900-8293-9F22AED637B5}.Release|Any CPU.ActiveCfg = Release|Any CPU
		{6A06947A-7634-4900-8293-9F22AED637B5}.Release|Any CPU.Build.0 = Release|Any CPU
		{4813C37C-2126-435C-AAA7-014F63E0508E}.Debug|Any CPU.ActiveCfg = Debug|Any CPU
		{4813C37C-2126-435C-AAA7-014F63E0508E}.Debug|Any CPU.Build.0 = Debug|Any CPU
		{4813C37C-2126-435C-AAA7-014F63E0508E}.Release|Any CPU.ActiveCfg = Release|Any CPU
		{4813C37C-2126-435C-AAA7-014F63E0508E}.Release|Any CPU.Build.0 = Release|Any CPU
		{41D2C377-A3E1-498E-A1D1-3072E162C5E7}.Debug|Any CPU.ActiveCfg = Debug|Any CPU
		{41D2C377-A3E1-498E-A1D1-3072E162C5E7}.Debug|Any CPU.Build.0 = Debug|Any CPU
		{41D2C377-A3E1-498E-A1D1-3072E162C5E7}.Release|Any CPU.ActiveCfg = Release|Any CPU
		{41D2C377-A3E1-498E-A1D1-3072E162C5E7}.Release|Any CPU.Build.0 = Release|Any CPU
		{67D81857-A581-4BB3-BC2A-2BD6B4EF43BC}.Debug|Any CPU.ActiveCfg = Debug|Any CPU
		{67D81857-A581-4BB3-BC2A-2BD6B4EF43BC}.Debug|Any CPU.Build.0 = Debug|Any CPU
		{67D81857-A581-4BB3-BC2A-2BD6B4EF43BC}.Release|Any CPU.ActiveCfg = Release|Any CPU
		{67D81857-A581-4BB3-BC2A-2BD6B4EF43BC}.Release|Any CPU.Build.0 = Release|Any CPU
	EndGlobalSection
	GlobalSection(SolutionProperties) = preSolution
		HideSolutionNode = FALSE
	EndGlobalSection
	GlobalSection(ExtensibilityGlobals) = postSolution
		SolutionGuid = {EFD9B334-9F5D-4963-B497-CA1A5A361F68}
	EndGlobalSection
EndGlobal
